{
  "name": "qin-demo",
  "lockfileVersion": 3,
  "requires": true,
  "packages": {
    "": {
      "name": "qin-demo",
      "dependencies": {
        "zipson": "^0.2.12"
      }
    },
    "node_modules/zipson": {
      "version": "0.2.12",
      "resolved": "https://registry.npmjs.org/zipson/-/zipson-0.2.12.tgz",
      "integrity": "sha512-+u+fyZQXJUJDTf4NGCChW+LoWGqCrhwHAfvtCtcmE0e40KmQt4YSP4l3TOay1WjRNv+VfODgBD/vNwaSSGnDwA=="
    }
  }
}
